<?xml version="1.0" encoding="utf-8"?>
<Project ToolsVersion="4.0" xmlns="http://schemas.microsoft.com/developer/msbuild/2003">
  <ItemGroup>
    <Filter Include="リソース ファイル">
      <UniqueIdentifier>{67DA6AB6-F800-4c08-8B7A-83BB121AAD01}</UniqueIdentifier>
      <Extensions>rc;ico;cur;bmp;dlg;rc2;rct;bin;rgs;gif;jpg;jpeg;jpe;resx;tiff;tif;png;wav;mfcribbon-ms</Extensions>
    </Filter>
    <Filter Include="Game">
      <UniqueIdentifier>{e9a0d486-9080-42d6-917c-af815abd906f}</UniqueIdentifier>
    </Filter>
    <Filter Include="Game\Actor">
      <UniqueIdentifier>{3c7492cb-96c5-4af9-b4d4-c107adc838aa}</UniqueIdentifier>
    </Filter>
    <Filter Include="Game\Actor\Player">
      <UniqueIdentifier>{ce28ba94-bbff-4a0c-9824-e4197baca37f}</UniqueIdentifier>
    </Filter>
    <Filter Include="Game\Actor\Enemy">
      <UniqueIdentifier>{210e83ef-f7a7-49b8-9fa7-a2b1e5d0d151}</UniqueIdentifier>
    </Filter>
    <Filter Include="Game\Actor\Bullet">
      <UniqueIdentifier>{ef431c23-f0d6-4a15-836f-2705e73f18f1}</UniqueIdentifier>
    </Filter>
    <Filter Include="Game\Scene">
      <UniqueIdentifier>{4a144002-74a9-40ae-8714-22b21f547abd}</UniqueIdentifier>
    </Filter>
    <Filter Include="got">
      <UniqueIdentifier>{6a3e3829-d9bc-4afb-ade6-d38833e54656}</UniqueIdentifier>
    </Filter>
    <Filter Include="got\Shader">
      <UniqueIdentifier>{def2bf2a-e6ed-4e53-9fcf-1211e6f5f4ce}</UniqueIdentifier>
    </Filter>
    <Filter Include="got\ソース ファイル">
      <UniqueIdentifier>{4FC737F1-C7A5-4376-A066-2A32D752A2FF}</UniqueIdentifier>
      <Extensions>cpp;c;cc;cxx;def;odl;idl;hpj;bat;asm;asmx</Extensions>
    </Filter>
    <Filter Include="got\ヘッダー ファイル">
      <UniqueIdentifier>{93995380-89BD-4b04-88EB-625FBE52EBFB}</UniqueIdentifier>
      <Extensions>h;hh;hpp;hxx;hm;inl;inc;xsd</Extensions>
    </Filter>
    <Filter Include="got\Math">
      <UniqueIdentifier>{807e9d83-3913-40ec-8db4-0045d2bf043d}</UniqueIdentifier>
    </Filter>
    <Filter Include="got\Input">
      <UniqueIdentifier>{f28702da-e706-4603-87c3-68ef3ea04072}</UniqueIdentifier>
    </Filter>
    <Filter Include="Game\Actor\Boss">
      <UniqueIdentifier>{1a2e0fa0-ae3a-4ee5-8e13-e9e04eb80919}</UniqueIdentifier>
    </Filter>
    <Filter Include="Game\Actor\Item">
      <UniqueIdentifier>{0721c079-96fc-4909-849b-18d9ce063efc}</UniqueIdentifier>
    </Filter>
    <Filter Include="Game\Effect">
      <UniqueIdentifier>{bfef78cb-68d5-4e97-98b4-ab1e4383d122}</UniqueIdentifier>
    </Filter>
  </ItemGroup>
  <ItemGroup>
    <ClCompile Include="Game\Actor\Actor.cpp">
      <Filter>Game\Actor</Filter>
    </ClCompile>
    <ClCompile Include="Game\Actor\Boss.cpp">
      <Filter>Game\Actor\Boss</Filter>
    </ClCompile>
    <ClCompile Include="Game\Actor\Boss2.cpp">
      <Filter>Game\Actor\Boss</Filter>
    </ClCompile>
    <ClCompile Include="Game\Actor\Bullet.cpp">
      <Filter>Game\Actor\Bullet</Filter>
    </ClCompile>
    <ClCompile Include="Game\Actor\Enemy.cpp">
      <Filter>Game\Actor\Enemy</Filter>
    </ClCompile>
    <ClCompile Include="Game\Actor\EnemyBulletManager.cpp">
      <Filter>Game\Actor\Bullet</Filter>
    </ClCompile>
    <ClCompile Include="Game\Actor\EnemyManager.cpp">
      <Filter>Game\Actor\Enemy</Filter>
    </ClCompile>
    <ClCompile Include="Game\Actor\Player.cpp">
      <Filter>Game\Actor\Player</Filter>
    </ClCompile>
    <ClCompile Include="Game\Actor\PlayerBulletManager.cpp">
      <Filter>Game\Actor\Bullet</Filter>
    </ClCompile>
    <ClCompile Include="Game\Effect\Effect.cpp">
      <Filter>Game\Effect</Filter>
    </ClCompile>
    <ClCompile Include="Game\Effect\EffectManager.cpp">
      <Filter>Game\Effect</Filter>
    </ClCompile>
    <ClCompile Include="Game\Effect\Explosion.cpp">
      <Filter>Game\Effect</Filter>
    </ClCompile>
    <ClCompile Include="Game\Scene\ResultScene.cpp">
      <Filter>Game\Scene</Filter>
    </ClCompile>
    <ClCompile Include="Game\Scene\SceneManager.cpp">
      <Filter>Game\Scene</Filter>
    </ClCompile>
    <ClCompile Include="Game\Scene\TitleScene.cpp">
      <Filter>Game\Scene</Filter>
    </ClCompile>
    <ClCompile Include="Game\Scene\OperatingScene.cpp">
      <Filter>Game\Scene</Filter>
    </ClCompile>
    <ClCompile Include="Game\Scene\PauseScene.cpp">
      <Filter>Game\Scene</Filter>
    </ClCompile>
    <ClCompile Include="Game\Scene\MainScene.cpp">
      <Filter>Game\Scene</Filter>
    </ClCompile>
    <ClCompile Include="Game\Scene\MainScene2.cpp">
      <Filter>Game\Scene</Filter>
    </ClCompile>
    <ClCompile Include="Game\Item\Item.cpp">
      <Filter>Game\Actor\Item</Filter>
    </ClCompile>
    <ClCompile Include="Game\Item\ItemManager.cpp">
      <Filter>Game\Actor\Item</Filter>
    </ClCompile>
    <ClCompile Include="Game\UI\Information.cpp">
      <Filter>Game</Filter>
    </ClCompile>
    <ClCompile Include="Game\Common\Game.cpp">
      <Filter>Game</Filter>
    </ClCompile>
    <ClCompile Include="Game\Common\BackGround.cpp">
      <Filter>Game</Filter>
    </ClCompile>
    <ClCompile Include="got\DirectX\DirectX11.cpp">
      <Filter>got\ソース ファイル</Filter>
    </ClCompile>
    <ClCompile Include="got\Input\MyDirectInput.cpp">
      <Filter>got\Input</Filter>
    </ClCompile>
    <ClCompile Include="got\Audio\XAudio2.cpp">
      <Filter>got\ソース ファイル</Filter>
    </ClCompile>
    <ClCompile Include="got\Window\Window.cpp">
      <Filter>got\ソース ファイル</Filter>
    </ClCompile>
    <ClCompile Include="got\Utility\Main.cpp">
      <Filter>got\ソース ファイル</Filter>
    </ClCompile>
    <ClCompile Include="got\Utility\Ranking.cpp">
      <Filter>Game</Filter>
    </ClCompile>
    <ClCompile Include="got\Utility\Shader.cpp">
      <Filter>got\ソース ファイル</Filter>
    </ClCompile>
    <ClCompile Include="got\Utility\Sprite.cpp">
      <Filter>got\ソース ファイル</Filter>
    </ClCompile>
    <ClCompile Include="got\Utility\SpriteManager.cpp">
      <Filter>got\ソース ファイル</Filter>
    </ClCompile>
    <ClCompile Include="got\Utility\Texture.cpp">
      <Filter>got\ソース ファイル</Filter>
    </ClCompile>
    <ClCompile Include="got\Utility\Time.cpp">
      <Filter>got\ソース ファイル</Filter>
    </ClCompile>
    <ClCompile Include="got\Input\MyXInput.cpp">
      <Filter>got\ソース ファイル</Filter>
    </ClCompile>
    <ClCompile Include="Game\Common\Fade.cpp">
      <Filter>got\ソース ファイル</Filter>
    </ClCompile>
  </ItemGroup>
  <ItemGroup>
    <ClInclude Include="Game\Actor\Actor.h">
      <Filter>Game\Actor</Filter>
    </ClInclude>
    <ClInclude Include="Game\Actor\Boss.h">
      <Filter>Game\Actor\Boss</Filter>
    </ClInclude>
    <ClInclude Include="Game\Actor\Boss2.h">
      <Filter>Game\Actor\Boss</Filter>
    </ClInclude>
    <ClInclude Include="Game\Actor\Bullet.h">
      <Filter>Game\Actor\Bullet</Filter>
    </ClInclude>
    <ClInclude Include="Game\Actor\Enemy.h">
      <Filter>Game\Actor\Enemy</Filter>
    </ClInclude>
    <ClInclude Include="Game\Actor\EnemyBulletManager.h">
      <Filter>Game\Actor\Bullet</Filter>
    </ClInclude>
    <ClInclude Include="Game\Actor\EnemyManager.h">
      <Filter>Game\Actor\Enemy</Filter>
    </ClInclude>
    <ClInclude Include="Game\Actor\Player.h">
      <Filter>Game\Actor\Player</Filter>
    </ClInclude>
    <ClInclude Include="Game\Actor\PlayerBulletManager.h">
      <Filter>Game\Actor\Bullet</Filter>
    </ClInclude>
    <ClInclude Include="Game\Effect\Effect.h">
      <Filter>Game\Effect</Filter>
    </ClInclude>
    <ClInclude Include="Game\Effect\EffectManager.h">
      <Filter>Game\Effect</Filter>
    </ClInclude>
    <ClInclude Include="Game\Effect\Explosion.h">
      <Filter>Game\Effect</Filter>
    </ClInclude>
    <ClInclude Include="Game\Scene\ResultScene.h">
      <Filter>Game\Scene</Filter>
    </ClInclude>
    <ClInclude Include="Game\Scene\Scene.h">
      <Filter>Game\Scene</Filter>
    </ClInclude>
    <ClInclude Include="Game\Scene\SceneManager.h">
      <Filter>Game\Scene</Filter>
    </ClInclude>
    <ClInclude Include="Game\Scene\TitleScene.h">
      <Filter>Game\Scene</Filter>
    </ClInclude>
    <ClInclude Include="Game\Scene\OperatingScene.h">
      <Filter>Game\Scene</Filter>
    </ClInclude>
    <ClInclude Include="Game\Scene\PauseScene.h">
      <Filter>Game\Scene</Filter>
    </ClInclude>
    <ClInclude Include="got\Math\Angle.h">
      <Filter>got\Math</Filter>
    </ClInclude>
    <ClInclude Include="Game\Scene\MainScene.h">
      <Filter>Game\Scene</Filter>
    </ClInclude>
    <ClInclude Include="Game\Scene\MainScene2.h">
      <Filter>Game\Scene</Filter>
    </ClInclude>
    <ClInclude Include="Game\Item\Item.h">
      <Filter>Game\Actor\Item</Filter>
    </ClInclude>
    <ClInclude Include="Game\Item\ItemManager.h">
      <Filter>Game\Actor\Item</Filter>
    </ClInclude>
    <ClInclude Include="Game\UI\Information.h">
      <Filter>Game</Filter>
    </ClInclude>
    <ClInclude Include="Game\Common\BackGround.h">
      <Filter>Game</Filter>
    </ClInclude>
    <ClInclude Include="Game\Common\Game.h">
      <Filter>Game</Filter>
    </ClInclude>
    <ClInclude Include="Game\Common\GV.h">
      <Filter>Game</Filter>
    </ClInclude>
    <ClInclude Include="got\DirectX\DirectX11.h">
      <Filter>got\ヘッダー ファイル</Filter>
    </ClInclude>
    <ClInclude Include="got\Input\MyDirectInput.h">
      <Filter>got\Input</Filter>
    </ClInclude>
    <ClInclude Include="got\Audio\XAudio2.h">
      <Filter>got\ヘッダー ファイル</Filter>
    </ClInclude>
    <ClInclude Include="got\Window\Window.h">
      <Filter>got\ヘッダー ファイル</Filter>
    </ClInclude>
    <ClInclude Include="got\Math\Matrix4x4.h">
      <Filter>got\Math</Filter>
    </ClInclude>
    <ClInclude Include="got\Math\Vector2.h">
      <Filter>got\Math</Filter>
    </ClInclude>
    <ClInclude Include="got\Utility\Collision.h">
      <Filter>got\Math</Filter>
    </ClInclude>
    <ClInclude Include="got\Utility\Color.h">
      <Filter>got\Math</Filter>
    </ClInclude>
    <ClInclude Include="got\Utility\Dimention.h">
      <Filter>got\ヘッダー ファイル</Filter>
    </ClInclude>
    <ClInclude Include="got\Utility\Ranking.h">
      <Filter>Game</Filter>
    </ClInclude>
    <ClInclude Include="got\Utility\Rectangle.h">
      <Filter>got\Math</Filter>
    </ClInclude>
    <ClInclude Include="got\Utility\Shader.h">
      <Filter>got\ヘッダー ファイル</Filter>
    </ClInclude>
    <ClInclude Include="got\Utility\Singleton.h">
      <Filter>got\ヘッダー ファイル</Filter>
    </ClInclude>
    <ClInclude Include="got\Utility\Sprite.h">
      <Filter>got\ヘッダー ファイル</Filter>
    </ClInclude>
    <ClInclude Include="got\Utility\SpriteManager.h">
      <Filter>got\ヘッダー ファイル</Filter>
    </ClInclude>
    <ClInclude Include="got\Utility\Texture.h">
      <Filter>got\ヘッダー ファイル</Filter>
    </ClInclude>
    <ClInclude Include="got\Utility\Time.h">
      <Filter>got\ヘッダー ファイル</Filter>
    </ClInclude>
    <ClInclude Include="got\Math\MyAlgorithm.h">
      <Filter>got\ヘッダー ファイル</Filter>
    </ClInclude>
    <ClInclude Include="got\Input\MyXInput.h">
      <Filter>got\ヘッダー ファイル</Filter>
    </ClInclude>
    <ClInclude Include="Game\Common\Fade.h">
      <Filter>got\ヘッダー ファイル</Filter>
    </ClInclude>
  </ItemGroup>
  <ItemGroup>
    <FxCompile Include="got\Shader\PixelShader.hlsl">
      <Filter>got\Shader</Filter>
    </FxCompile>
    <FxCompile Include="got\Shader\ShaderTest.fx">
      <Filter>got\Shader</Filter>
    </FxCompile>
    <FxCompile Include="got\Shader\VertexShader.hlsl">
      <Filter>got\Shader</Filter>
    </FxCompile>
  </ItemGroup>
</Project>